
Microsoft Visual Studio Solution File, Format Version 12.00
# Visual Studio 2015
Project("{FAE04EC0-301F-11D3-BF4B-00C04F79EFBC}") = "Tower Defense.Plugins", "Tower Defense.Plugins.csproj", "{2C4B1A8D-BB95-F4DE-0289-1C18B2052196}"
EndProject
Project("{FAE04EC0-301F-11D3-BF4B-00C04F79EFBC}") = "Tower Defense.Editor", "Tower Defense.Editor.csproj", "{E8B4483C-81C2-D179-7C6B-24062C86F662}"
EndProject
Global
	GlobalSection(SolutionConfigurationPlatforms) = preSolution
		Debug|Any CPU = Debug|Any CPU
		Release|Any CPU = Release|Any CPU
	EndGlobalSection
	GlobalSection(ProjectConfigurationPlatforms) = postSolution
		{2C4B1A8D-BB95-F4DE-0289-1C18B2052196}.Debug|Any CPU.ActiveCfg = Debug|Any CPU
		{2C4B1A8D-BB95-F4DE-0289-1C18B2052196}.Debug|Any CPU.Build.0 = Debug|Any CPU
		{2C4B1A8D-BB95-F4DE-0289-1C18B2052196}.Release|Any CPU.ActiveCfg = Release|Any CPU
		{2C4B1A8D-BB95-F4DE-0289-1C18B2052196}.Release|Any CPU.Build.0 = Release|Any CPU
		{E8B4483C-81C2-D179-7C6B-24062C86F662}.Debug|Any CPU.ActiveCfg = Debug|Any CPU
		{E8B4483C-81C2-D179-7C6B-24062C86F662}.Debug|Any CPU.Build.0 = Debug|Any CPU
		{E8B4483C-81C2-D179-7C6B-24062C86F662}.Release|Any CPU.ActiveCfg = Release|Any CPU
		{E8B4483C-81C2-D179-7C6B-24062C86F662}.Release|Any CPU.Build.0 = Release|Any CPU
	EndGlobalSection
	GlobalSection(SolutionProperties) = preSolution
		HideSolutionNode = FALSE
	EndGlobalSection
EndGlobal
